// !$*UTF8*$!
{
	archiveVersion = 1;
	classes = {
	};
	objectVersion = 50;
	objects = {

/* Begin PBXBuildFile section */
		B502B841269CE55E0007F443 /* IconeVitesse1024.png in Resources */ = {isa = PBXBuildFile; fileRef = B502B840269CE55E0007F443 /* IconeVitesse1024.png */; };
		B52C72A626487F6D00185CBB /* InfoPlist.strings in Resources */ = {isa = PBXBuildFile; fileRef = B52C72A826487F6D00185CBB /* InfoPlist.strings */; };
		B53935FE263D9ED200C37623 /* StatsModalViewController.swift in Sources */ = {isa = PBXBuildFile; fileRef = B53935FD263D9ED200C37623 /* StatsModalViewController.swift */; };
		B55EFC062635BF4D002DF429 /* AppDelegate.swift in Sources */ = {isa = PBXBuildFile; fileRef = B55EFC052635BF4D002DF429 /* AppDelegate.swift */; };
		B55EFC082635BF4D002DF429 /* SceneDelegate.swift in Sources */ = {isa = PBXBuildFile; fileRef = B55EFC072635BF4D002DF429 /* SceneDelegate.swift */; };
		B55EFC0D2635BF4D002DF429 /* Main.storyboard in Resources */ = {isa = PBXBuildFile; fileRef = B55EFC0B2635BF4D002DF429 /* Main.storyboard */; };
		B55EFC102635BF4D002DF429 /* Vitesse.xcdatamodeld in Sources */ = {isa = PBXBuildFile; fileRef = B55EFC0E2635BF4D002DF429 /* Vitesse.xcdatamodeld */; };
		B55EFC122635BF51002DF429 /* Assets.xcassets in Resources */ = {isa = PBXBuildFile; fileRef = B55EFC112635BF51002DF429 /* Assets.xcassets */; };
		B55EFC152635BF51002DF429 /* LaunchScreen.storyboard in Resources */ = {isa = PBXBuildFile; fileRef = B55EFC132635BF51002DF429 /* LaunchScreen.storyboard */; };
		B55EFC202635BF52002DF429 /* VitesseTests.swift in Sources */ = {isa = PBXBuildFile; fileRef = B55EFC1F2635BF52002DF429 /* VitesseTests.swift */; };
		B55EFC2B2635BF52002DF429 /* VitesseUITests.swift in Sources */ = {isa = PBXBuildFile; fileRef = B55EFC2A2635BF52002DF429 /* VitesseUITests.swift */; };
		B593A48C263F1AF30072A2B3 /* Localizable.strings in Resources */ = {isa = PBXBuildFile; fileRef = B593A48A263F1AF30072A2B3 /* Localizable.strings */; };
		B5CF5FAA263B42C400DA78A3 /* ViewController.swift in Sources */ = {isa = PBXBuildFile; fileRef = B55EFC092635BF4D002DF429 /* ViewController.swift */; };
/* End PBXBuildFile section */

/* Begin PBXContainerItemProxy section */
		B55EFC1C2635BF52002DF429 /* PBXContainerItemProxy */ = {
			isa = PBXContainerItemProxy;
			containerPortal = B55EFBFA2635BF4D002DF429 /* Project object */;
			proxyType = 1;
			remoteGlobalIDString = B55EFC012635BF4D002DF429;
			remoteInfo = Vitesse;
		};
		B55EFC272635BF52002DF429 /* PBXContainerItemProxy */ = {
			isa = PBXContainerItemProxy;
			containerPortal = B55EFBFA2635BF4D002DF429 /* Project object */;
			proxyType = 1;
			remoteGlobalIDString = B55EFC012635BF4D002DF429;
			remoteInfo = Vitesse;
		};
/* End PBXContainerItemProxy section */

/* Begin PBXFileReference section */
		B502B840269CE55E0007F443 /* IconeVitesse1024.png */ = {isa = PBXFileReference; lastKnownFileType = image.png; path = IconeVitesse1024.png; sourceTree = "<group>"; };
		B52C72462647D7D300185CBB /* fr */ = {isa = PBXFileReference; lastKnownFileType = text.plist.strings; name = fr; path = fr.lproj/Main.strings; sourceTree = "<group>"; };
		B52C72472647D7D300185CBB /* fr */ = {isa = PBXFileReference; lastKnownFileType = text.plist.strings; name = fr; path = fr.lproj/LaunchScreen.strings; sourceTree = "<group>"; };
		B52C72482647D7D400185CBB /* fr */ = {isa = PBXFileReference; lastKnownFileType = text.plist.strings; name = fr; path = Vitesse/fr.lproj/Localizable.strings; sourceTree = "<group>"; };
		B52C727D2647E3FA00185CBB /* en */ = {isa = PBXFileReference; lastKnownFileType = text.plist.strings; name = en; path = en.lproj/Main.strings; sourceTree = "<group>"; };
		B52C729426487CA700185CBB /* Base */ = {isa = PBXFileReference; lastKnownFileType = text.plist.xml; name = Base; path = Base.lproj/Info.plist; sourceTree = "<group>"; };
		B52C72A726487F6D00185CBB /* en */ = {isa = PBXFileReference; lastKnownFileType = text.plist.strings; name = en; path = en.lproj/InfoPlist.strings; sourceTree = "<group>"; };
		B52C72AC26487F7200185CBB /* fr */ = {isa = PBXFileReference; lastKnownFileType = text.plist.strings; name = fr; path = fr.lproj/InfoPlist.strings; sourceTree = "<group>"; };
		B53935FD263D9ED200C37623 /* StatsModalViewController.swift */ = {isa = PBXFileReference; lastKnownFileType = sourcecode.swift; path = StatsModalViewController.swift; sourceTree = "<group>"; };
		B55EFC022635BF4D002DF429 /* Vitesse.app */ = {isa = PBXFileReference; explicitFileType = wrapper.application; includeInIndex = 0; path = Vitesse.app; sourceTree = BUILT_PRODUCTS_DIR; };
		B55EFC052635BF4D002DF429 /* AppDelegate.swift */ = {isa = PBXFileReference; lastKnownFileType = sourcecode.swift; path = AppDelegate.swift; sourceTree = "<group>"; };
		B55EFC072635BF4D002DF429 /* SceneDelegate.swift */ = {isa = PBXFileReference; lastKnownFileType = sourcecode.swift; path = SceneDelegate.swift; sourceTree = "<group>"; };
		B55EFC092635BF4D002DF429 /* ViewController.swift */ = {isa = PBXFileReference; lastKnownFileType = sourcecode.swift; path = ViewController.swift; sourceTree = "<group>"; };
		B55EFC0F2635BF4D002DF429 /* Vitesse.xcdatamodel */ = {isa = PBXFileReference; lastKnownFileType = wrapper.xcdatamodel; path = Vitesse.xcdatamodel; sourceTree = "<group>"; };
		B55EFC112635BF51002DF429 /* Assets.xcassets */ = {isa = PBXFileReference; lastKnownFileType = folder.assetcatalog; path = Assets.xcassets; sourceTree = "<group>"; };
		B55EFC1B2635BF52002DF429 /* VitesseTests.xctest */ = {isa = PBXFileReference; explicitFileType = wrapper.cfbundle; includeInIndex = 0; path = VitesseTests.xctest; sourceTree = BUILT_PRODUCTS_DIR; };
		B55EFC1F2635BF52002DF429 /* VitesseTests.swift */ = {isa = PBXFileReference; lastKnownFileType = sourcecode.swift; path = VitesseTests.swift; sourceTree = "<group>"; };
		B55EFC212635BF52002DF429 /* Info.plist */ = {isa = PBXFileReference; lastKnownFileType = text.plist.xml; path = Info.plist; sourceTree = "<group>"; };
		B55EFC262635BF52002DF429 /* VitesseUITests.xctest */ = {isa = PBXFileReference; explicitFileType = wrapper.cfbundle; includeInIndex = 0; path = VitesseUITests.xctest; sourceTree = BUILT_PRODUCTS_DIR; };
		B55EFC2A2635BF52002DF429 /* VitesseUITests.swift */ = {isa = PBXFileReference; lastKnownFileType = sourcecode.swift; path = VitesseUITests.swift; sourceTree = "<group>"; };
		B55EFC2C2635BF52002DF429 /* Info.plist */ = {isa = PBXFileReference; lastKnownFileType = text.plist.xml; path = Info.plist; sourceTree = "<group>"; };
		B593A488263F1A820072A2B3 /* Base */ = {isa = PBXFileReference; lastKnownFileType = file.storyboard; name = Base; path = Base.lproj/Main.storyboard; sourceTree = "<group>"; };
		B593A489263F1A820072A2B3 /* Base */ = {isa = PBXFileReference; lastKnownFileType = file.storyboard; name = Base; path = Base.lproj/LaunchScreen.storyboard; sourceTree = "<group>"; };
		B593A48B263F1AF30072A2B3 /* en */ = {isa = PBXFileReference; lastKnownFileType = text.plist.strings; name = en; path = Vitesse/en.lproj/Localizable.strings; sourceTree = "<group>"; };
		B5E2579A264A847400D0FF4D /* fr-FR */ = {isa = PBXFileReference; lastKnownFileType = text.plist.strings; name = "fr-FR"; path = "fr-FR.lproj/Main.strings"; sourceTree = "<group>"; };
		B5E2579B264A847400D0FF4D /* fr-FR */ = {isa = PBXFileReference; lastKnownFileType = text.plist.strings; name = "fr-FR"; path = "fr-FR.lproj/LaunchScreen.strings"; sourceTree = "<group>"; };
		B5E2579C264A847400D0FF4D /* fr-FR */ = {isa = PBXFileReference; lastKnownFileType = text.plist.strings; name = "fr-FR"; path = "Vitesse/fr-FR.lproj/Localizable.strings"; sourceTree = "<group>"; };
		B5E2579E264A847400D0FF4D /* fr-FR */ = {isa = PBXFileReference; lastKnownFileType = text.plist.strings; name = "fr-FR"; path = "fr-FR.lproj/InfoPlist.strings"; sourceTree = "<group>"; };
/* End PBXFileReference section */

/* Begin PBXFrameworksBuildPhase section */
		B55EFBFF2635BF4D002DF429 /* Frameworks */ = {
			isa = PBXFrameworksBuildPhase;
			buildActionMask = 2147483647;
			files = (
			);
			runOnlyForDeploymentPostprocessing = 0;
		};
		B55EFC182635BF52002DF429 /* Frameworks */ = {
			isa = PBXFrameworksBuildPhase;
			buildActionMask = 2147483647;
			files = (
			);
			runOnlyForDeploymentPostprocessing = 0;
		};
		B55EFC232635BF52002DF429 /* Frameworks */ = {
			isa = PBXFrameworksBuildPhase;
			buildActionMask = 2147483647;
			files = (
			);
			runOnlyForDeploymentPostprocessing = 0;
		};
/* End PBXFrameworksBuildPhase section */

/* Begin PBXGroup section */
		B55EFBF92635BF4D002DF429 = {
			isa = PBXGroup;
			children = (
				B593A48A263F1AF30072A2B3 /* Localizable.strings */,
				B55EFC042635BF4D002DF429 /* Vitesse */,
				B55EFC1E2635BF52002DF429 /* VitesseTests */,
				B55EFC292635BF52002DF429 /* VitesseUITests */,
				B55EFC032635BF4D002DF429 /* Products */,
			);
			sourceTree = "<group>";
		};
		B55EFC032635BF4D002DF429 /* Products */ = {
			isa = PBXGroup;
			children = (
				B55EFC022635BF4D002DF429 /* Vitesse.app */,
				B55EFC1B2635BF52002DF429 /* VitesseTests.xctest */,
				B55EFC262635BF52002DF429 /* VitesseUITests.xctest */,
			);
			name = Products;
			sourceTree = "<group>";
		};
		B55EFC042635BF4D002DF429 /* Vitesse */ = {
			isa = PBXGroup;
			children = (
				B502B840269CE55E0007F443 /* IconeVitesse1024.png */,
				B55EFC052635BF4D002DF429 /* AppDelegate.swift */,
				B55EFC072635BF4D002DF429 /* SceneDelegate.swift */,
				B55EFC092635BF4D002DF429 /* ViewController.swift */,
				B53935FD263D9ED200C37623 /* StatsModalViewController.swift */,
				B55EFC0B2635BF4D002DF429 /* Main.storyboard */,
				B55EFC112635BF51002DF429 /* Assets.xcassets */,
				B55EFC132635BF51002DF429 /* LaunchScreen.storyboard */,
				B52C729526487CA700185CBB /* Info.plist */,
				B52C72A826487F6D00185CBB /* InfoPlist.strings */,
				B55EFC0E2635BF4D002DF429 /* Vitesse.xcdatamodeld */,
			);
			path = Vitesse;
			sourceTree = "<group>";
		};
		B55EFC1E2635BF52002DF429 /* VitesseTests */ = {
			isa = PBXGroup;
			children = (
				B55EFC1F2635BF52002DF429 /* VitesseTests.swift */,
				B55EFC212635BF52002DF429 /* Info.plist */,
			);
			path = VitesseTests;
			sourceTree = "<group>";
		};
		B55EFC292635BF52002DF429 /* VitesseUITests */ = {
			isa = PBXGroup;
			children = (
				B55EFC2A2635BF52002DF429 /* VitesseUITests.swift */,
				B55EFC2C2635BF52002DF429 /* Info.plist */,
			);
			path = VitesseUITests;
			sourceTree = "<group>";
		};
/* End PBXGroup section */

/* Begin PBXNativeTarget section */
		B55EFC012635BF4D002DF429 /* Vitesse */ = {
			isa = PBXNativeTarget;
			buildConfigurationList = B55EFC2F2635BF52002DF429 /* Build configuration list for PBXNativeTarget "Vitesse" */;
			buildPhases = (
				B55EFBFE2635BF4D002DF429 /* Sources */,
				B55EFBFF2635BF4D002DF429 /* Frameworks */,
				B55EFC002635BF4D002DF429 /* Resources */,
			);
			buildRules = (
			);
			dependencies = (
			);
			name = Vitesse;
			productName = Vitesse;
			productReference = B55EFC022635BF4D002DF429 /* Vitesse.app */;
			productType = "com.apple.product-type.application";
		};
		B55EFC1A2635BF52002DF429 /* VitesseTests */ = {
			isa = PBXNativeTarget;
			buildConfigurationList = B55EFC322635BF52002DF429 /* Build configuration list for PBXNativeTarget "VitesseTests" */;
			buildPhases = (
				B55EFC172635BF52002DF429 /* Sources */,
				B55EFC182635BF52002DF429 /* Frameworks */,
				B55EFC192635BF52002DF429 /* Resources */,
			);
			buildRules = (
			);
			dependencies = (
				B55EFC1D2635BF52002DF429 /* PBXTargetDependency */,
			);
			name = VitesseTests;
			productName = VitesseTests;
			productReference = B55EFC1B2635BF52002DF429 /* VitesseTests.xctest */;
			productType = "com.apple.product-type.bundle.unit-test";
		};
		B55EFC252635BF52002DF429 /* VitesseUITests */ = {
			isa = PBXNativeTarget;
			buildConfigurationList = B55EFC352635BF52002DF429 /* Build configuration list for PBXNativeTarget "VitesseUITests" */;
			buildPhases = (
				B55EFC222635BF52002DF429 /* Sources */,
				B55EFC232635BF52002DF429 /* Frameworks */,
				B55EFC242635BF52002DF429 /* Resources */,
			);
			buildRules = (
			);
			dependencies = (
				B55EFC282635BF52002DF429 /* PBXTargetDependency */,
			);
			name = VitesseUITests;
			productName = VitesseUITests;
			productReference = B55EFC262635BF52002DF429 /* VitesseUITests.xctest */;
			productType = "com.apple.product-type.bundle.ui-testing";
		};
/* End PBXNativeTarget section */

/* Begin PBXProject section */
		B55EFBFA2635BF4D002DF429 /* Project object */ = {
			isa = PBXProject;
			attributes = {
				LastSwiftUpdateCheck = 1240;
				LastUpgradeCheck = 1240;
				TargetAttributes = {
					B55EFC012635BF4D002DF429 = {
						CreatedOnToolsVersion = 12.4;
					};
					B55EFC1A2635BF52002DF429 = {
						CreatedOnToolsVersion = 12.4;
						TestTargetID = B55EFC012635BF4D002DF429;
					};
					B55EFC252635BF52002DF429 = {
						CreatedOnToolsVersion = 12.4;
						TestTargetID = B55EFC012635BF4D002DF429;
					};
				};
			};
			buildConfigurationList = B55EFBFD2635BF4D002DF429 /* Build configuration list for PBXProject "Vitesse" */;
			compatibilityVersion = "Xcode 9.3";
			developmentRegion = fr;
			hasScannedForEncodings = 0;
			knownRegions = (
				fr,
				en,
				Base,
				"fr-FR",
			);
			mainGroup = B55EFBF92635BF4D002DF429;
			productRefGroup = B55EFC032635BF4D002DF429 /* Products */;
			projectDirPath = "";
			projectRoot = "";
			targets = (
				B55EFC012635BF4D002DF429 /* Vitesse */,
				B55EFC1A2635BF52002DF429 /* VitesseTests */,
				B55EFC252635BF52002DF429 /* VitesseUITests */,
			);
		};
/* End PBXProject section */

/* Begin PBXResourcesBuildPhase section */
		B55EFC002635BF4D002DF429 /* Resources */ = {
			isa = PBXResourcesBuildPhase;
			buildActionMask = 2147483647;
			files = (
				B55EFC152635BF51002DF429 /* LaunchScreen.storyboard in Resources */,
				B52C72A626487F6D00185CBB /* InfoPlist.strings in Resources */,
				B593A48C263F1AF30072A2B3 /* Localizable.strings in Resources */,
				B502B841269CE55E0007F443 /* IconeVitesse1024.png in Resources */,
				B55EFC122635BF51002DF429 /* Assets.xcassets in Resources */,
				B55EFC0D2635BF4D002DF429 /* Main.storyboard in Resources */,
			);
			runOnlyForDeploymentPostprocessing = 0;
		};
		B55EFC192635BF52002DF429 /* Resources */ = {
			isa = PBXResourcesBuildPhase;
			buildActionMask = 2147483647;
			files = (
			);
			runOnlyForDeploymentPostprocessing = 0;
		};
		B55EFC242635BF52002DF429 /* Resources */ = {
			isa = PBXResourcesBuildPhase;
			buildActionMask = 2147483647;
			files = (
			);
			runOnlyForDeploymentPostprocessing = 0;
		};
/* End PBXResourcesBuildPhase section */

/* Begin PBXSourcesBuildPhase section */
		B55EFBFE2635BF4D002DF429 /* Sources */ = {
			isa = PBXSourcesBuildPhase;
			buildActionMask = 2147483647;
			files = (
				B55EFC062635BF4D002DF429 /* AppDelegate.swift in Sources */,
				B55EFC082635BF4D002DF429 /* SceneDelegate.swift in Sources */,
				B53935FE263D9ED200C37623 /* StatsModalViewController.swift in Sources */,
				B5CF5FAA263B42C400DA78A3 /* ViewController.swift in Sources */,
				B55EFC102635BF4D002DF429 /* Vitesse.xcdatamodeld in Sources */,
			);
			runOnlyForDeploymentPostprocessing = 0;
		};
		B55EFC172635BF52002DF429 /* Sources */ = {
			isa = PBXSourcesBuildPhase;
			buildActionMask = 2147483647;
			files = (
				B55EFC202635BF52002DF429 /* VitesseTests.swift in Sources */,
			);
			runOnlyForDeploymentPostprocessing = 0;
		};
		B55EFC222635BF52002DF429 /* Sources */ = {
			isa = PBXSourcesBuildPhase;
			buildActionMask = 2147483647;
			files = (
				B55EFC2B2635BF52002DF429 /* VitesseUITests.swift in Sources */,
			);
			runOnlyForDeploymentPostprocessing = 0;
		};
/* End PBXSourcesBuildPhase section */

/* Begin PBXTargetDependency section */
		B55EFC1D2635BF52002DF429 /* PBXTargetDependency */ = {
			isa = PBXTargetDependency;
			target = B55EFC012635BF4D002DF429 /* Vitesse */;
			targetProxy = B55EFC1C2635BF52002DF429 /* PBXContainerItemProxy */;
		};
		B55EFC282635BF52002DF429 /* PBXTargetDependency */ = {
			isa = PBXTargetDependency;
			target = B55EFC012635BF4D002DF429 /* Vitesse */;
			targetProxy = B55EFC272635BF52002DF429 /* PBXContainerItemProxy */;
		};
/* End PBXTargetDependency section */

/* Begin PBXVariantGroup section */
		B52C729526487CA700185CBB /* Info.plist */ = {
			isa = PBXVariantGroup;
			children = (
				B52C729426487CA700185CBB /* Base */,
			);
			name = Info.plist;
			sourceTree = "<group>";
		};
		B52C72A826487F6D00185CBB /* InfoPlist.strings */ = {
			isa = PBXVariantGroup;
			children = (
				B52C72A726487F6D00185CBB /* en */,
				B52C72AC26487F7200185CBB /* fr */,
				B5E2579E264A847400D0FF4D /* fr-FR */,
			);
			name = InfoPlist.strings;
			sourceTree = "<group>";
		};
		B55EFC0B2635BF4D002DF429 /* Main.storyboard */ = {
			isa = PBXVariantGroup;
			children = (
				B593A488263F1A820072A2B3 /* Base */,
				B52C72462647D7D300185CBB /* fr */,
				B52C727D2647E3FA00185CBB /* en */,
				B5E2579A264A847400D0FF4D /* fr-FR */,
			);
			name = Main.storyboard;
			sourceTree = "<group>";
		};
		B55EFC132635BF51002DF429 /* LaunchScreen.storyboard */ = {
			isa = PBXVariantGroup;
			children = (
				B593A489263F1A820072A2B3 /* Base */,
				B52C72472647D7D300185CBB /* fr */,
				B5E2579B264A847400D0FF4D /* fr-FR */,
			);
			name = LaunchScreen.storyboard;
			sourceTree = "<group>";
		};
		B593A48A263F1AF30072A2B3 /* Localizable.strings */ = {
			isa = PBXVariantGroup;
			children = (
				B593A48B263F1AF30072A2B3 /* en */,
				B52C72482647D7D400185CBB /* fr */,
				B5E2579C264A847400D0FF4D /* fr-FR */,
			);
			name = Localizable.strings;
			sourceTree = "<group>";
		};
/* End PBXVariantGroup section */

/* Begin XCBuildConfiguration section */
		B55EFC2D2635BF52002DF429 /* Debug */ = {
			isa = XCBuildConfiguration;
			buildSettings = {
				ALWAYS_SEARCH_USER_PATHS = NO;
				CLANG_ANALYZER_LOCALIZABILITY_NONLOCALIZED = YES;
				CLANG_ANALYZER_NONNULL = YES;
				CLANG_ANALYZER_NUMBER_OBJECT_CONVERSION = YES_AGGRESSIVE;
				CLANG_CXX_LANGUAGE_STANDARD = "gnu++14";
				CLANG_CXX_LIBRARY = "libc++";
				CLANG_ENABLE_MODULES = YES;
				CLANG_ENABLE_OBJC_ARC = YES;
				CLANG_ENABLE_OBJC_WEAK = YES;
				CLANG_WARN_BLOCK_CAPTURE_AUTORELEASING = YES;
				CLANG_WARN_BOOL_CONVERSION = YES;
				CLANG_WARN_COMMA = YES;
				CLANG_WARN_CONSTANT_CONVERSION = YES;
				CLANG_WARN_DEPRECATED_OBJC_IMPLEMENTATIONS = YES;
				CLANG_WARN_DIRECT_OBJC_ISA_USAGE = YES_ERROR;
				CLANG_WARN_DOCUMENTATION_COMMENTS = YES;
				CLANG_WARN_EMPTY_BODY = YES;
				CLANG_WARN_ENUM_CONVERSION = YES;
				CLANG_WARN_INFINITE_RECURSION = YES;
				CLANG_WARN_INT_CONVERSION = YES;
				CLANG_WARN_NON_LITERAL_NULL_CONVERSION = YES;
				CLANG_WARN_OBJC_IMPLICIT_RETAIN_SELF = YES;
				CLANG_WARN_OBJC_LITERAL_CONVERSION = YES;
				CLANG_WARN_OBJC_ROOT_CLASS = YES_ERROR;
				CLANG_WARN_QUOTED_INCLUDE_IN_FRAMEWORK_HEADER = YES;
				CLANG_WARN_RANGE_LOOP_ANALYSIS = YES;
				CLANG_WARN_STRICT_PROTOTYPES = YES;
				CLANG_WARN_SUSPICIOUS_MOVE = YES;
				CLANG_WARN_UNGUARDED_AVAILABILITY = YES_AGGRESSIVE;
				CLANG_WARN_UNREACHABLE_CODE = YES;
				CLANG_WARN__DUPLICATE_METHOD_MATCH = YES;
				COPY_PHASE_STRIP = NO;
				DEBUG_INFORMATION_FORMAT = dwarf;
				ENABLE_STRICT_OBJC_MSGSEND = YES;
				ENABLE_TESTABILITY = YES;
				GCC_C_LANGUAGE_STANDARD = gnu11;
				GCC_DYNAMIC_NO_PIC = NO;
				GCC_NO_COMMON_BLOCKS = YES;
				GCC_OPTIMIZATION_LEVEL = 0;
				GCC_PREPROCESSOR_DEFINITIONS = (
					"DEBUG=1",
					"$(inherited)",
				);
				GCC_WARN_64_TO_32_BIT_CONVERSION = YES;
				GCC_WARN_ABOUT_RETURN_TYPE = YES_ERROR;
				GCC_WARN_UNDECLARED_SELECTOR = YES;
				GCC_WARN_UNINITIALIZED_AUTOS = YES_AGGRESSIVE;
				GCC_WARN_UNUSED_FUNCTION = YES;
				GCC_WARN_UNUSED_VARIABLE = YES;
				IPHONEOS_DEPLOYMENT_TARGET = 13.0;
				MTL_ENABLE_DEBUG_INFO = INCLUDE_SOURCE;
				MTL_FAST_MATH = YES;
				ONLY_ACTIVE_ARCH = YES;
				SDKROOT = iphoneos;
				SWIFT_ACTIVE_COMPILATION_CONDITIONS = DEBUG;
				SWIFT_OPTIMIZATION_LEVEL = "-Onone";
			};
			name = Debug;
		};
		B55EFC2E2635BF52002DF429 /* Release */ = {
			isa = XCBuildConfiguration;
			buildSettings = {
				ALWAYS_SEARCH_USER_PATHS = NO;
				CLANG_ANALYZER_LOCALIZABILITY_NONLOCALIZED = YES;
				CLANG_ANALYZER_NONNULL = YES;
				CLANG_ANALYZER_NUMBER_OBJECT_CONVERSION = YES_AGGRESSIVE;
				CLANG_CXX_LANGUAGE_STANDARD = "gnu++14";
				CLANG_CXX_LIBRARY = "libc++";
				CLANG_ENABLE_MODULES = YES;
				CLANG_ENABLE_OBJC_ARC = YES;
				CLANG_ENABLE_OBJC_WEAK = YES;
				CLANG_WARN_BLOCK_CAPTURE_AUTORELEASING = YES;
				CLANG_WARN_BOOL_CONVERSION = YES;
				CLANG_WARN_COMMA = YES;
				CLANG_WARN_CONSTANT_CONVERSION = YES;
				CLANG_WARN_DEPRECATED_OBJC_IMPLEMENTATIONS = YES;
				CLANG_WARN_DIRECT_OBJC_ISA_USAGE = YES_ERROR;
				CLANG_WARN_DOCUMENTATION_COMMENTS = YES;
				CLANG_WARN_EMPTY_BODY = YES;
				CLANG_WARN_ENUM_CONVERSION = YES;
				CLANG_WARN_INFINITE_RECURSION = YES;
				CLANG_WARN_INT_CONVERSION = YES;
				CLANG_WARN_NON_LITERAL_NULL_CONVERSION = YES;
				CLANG_WARN_OBJC_IMPLICIT_RETAIN_SELF = YES;
				CLANG_WARN_OBJC_LITERAL_CONVERSION = YES;
				CLANG_WARN_OBJC_ROOT_CLASS = YES_ERROR;
				CLANG_WARN_QUOTED_INCLUDE_IN_FRAMEWORK_HEADER = YES;
				CLANG_WARN_RANGE_LOOP_ANALYSIS = YES;
				CLANG_WARN_STRICT_PROTOTYPES = YES;
				CLANG_WARN_SUSPICIOUS_MOVE = YES;
				CLANG_WARN_UNGUARDED_AVAILABILITY = YES_AGGRESSIVE;
				CLANG_WARN_UNREACHABLE_CODE = YES;
				CLANG_WARN__DUPLICATE_METHOD_MATCH = YES;
				COPY_PHASE_STRIP = NO;
				DEBUG_INFORMATION_FORMAT = "dwarf-with-dsym";
				ENABLE_NS_ASSERTIONS = NO;
				ENABLE_STRICT_OBJC_MSGSEND = YES;
				GCC_C_LANGUAGE_STANDARD = gnu11;
				GCC_NO_COMMON_BLOCKS = YES;
				GCC_WARN_64_TO_32_BIT_CONVERSION = YES;
				GCC_WARN_ABOUT_RETURN_TYPE = YES_ERROR;
				GCC_WARN_UNDECLARED_SELECTOR = YES;
				GCC_WARN_UNINITIALIZED_AUTOS = YES_AGGRESSIVE;
				GCC_WARN_UNUSED_FUNCTION = YES;
				GCC_WARN_UNUSED_VARIABLE = YES;
				IPHONEOS_DEPLOYMENT_TARGET = 13.0;
				MTL_ENABLE_DEBUG_INFO = NO;
				MTL_FAST_MATH = YES;
				SDKROOT = iphoneos;
				SWIFT_COMPILATION_MODE = wholemodule;
				SWIFT_OPTIMIZATION_LEVEL = "-O";
				VALIDATE_PRODUCT = YES;
			};
			name = Release;
		};
		B55EFC302635BF52002DF429 /* Debug */ = {
			isa = XCBuildConfiguration;
			buildSettings = {
				ASSETCATALOG_COMPILER_APPICON_NAME = AppIcon;
				ASSETCATALOG_COMPILER_GLOBAL_ACCENT_COLOR_NAME = AccentColor;
				CODE_SIGN_STYLE = Automatic;
				CURRENT_PROJECT_VERSION = 88;
				DEVELOPMENT_TEAM = L3A73K7T3G;
				INFOPLIST_FILE = Vitesse/Info.plist;
				IPHONEOS_DEPLOYMENT_TARGET = 13.0;
				LD_RUNPATH_SEARCH_PATHS = (
					"$(inherited)",
					"@executable_path/Frameworks",
				);
				MARKETING_VERSION = 1.6;
				PRODUCT_BUNDLE_IDENTIFIER = JK.Vitesse;
				PRODUCT_NAME = "$(TARGET_NAME)";
				SWIFT_VERSION = 5.0;
				TARGETED_DEVICE_FAMILY = "1,2";
			};
			name = Debug;
		};
		B55EFC312635BF52002DF429 /* Release */ = {
			isa = XCBuildConfiguration;
			buildSettings = {
				ASSETCATALOG_COMPILER_APPICON_NAME = AppIcon;
				ASSETCATALOG_COMPILER_GLOBAL_ACCENT_COLOR_NAME = AccentColor;
				CODE_SIGN_STYLE = Automatic;
				CURRENT_PROJECT_VERSION = 88;
				DEVELOPMENT_TEAM = L3A73K7T3G;
				INFOPLIST_FILE = Vitesse/Info.plist;
				IPHONEOS_DEPLOYMENT_TARGET = 13.0;
				LD_RUNPATH_SEARCH_PATHS = (
					"$(inherited)",
					"@executable_path/Frameworks",
				);
				MARKETING_VERSION = 1.6;
				PRODUCT_BUNDLE_IDENTIFIER = JK.Vitesse;
				PRODUCT_NAME = "$(TARGET_NAME)";
				SWIFT_VERSION = 5.0;
				TARGETED_DEVICE_FAMILY = "1,2";
			};
			name = Release;
		};
		B55EFC332635BF52002DF429 /* Debug */ = {
			isa = XCBuildConfiguration;
			buildSettings = {
				ALWAYS_EMBED_SWIFT_STANDARD_LIBRARIES = YES;
				BUNDLE_LOADER = "$(TEST_HOST)";
				CODE_SIGN_STYLE = Automatic;
				DEVELOPMENT_TEAM = L3A73K7T3G;
				INFOPLIST_FILE = VitesseTests/Info.plist;
				IPHONEOS_DEPLOYMENT_TARGET = 14.4;
				LD_RUNPATH_SEARCH_PATHS = (
					"$(inherited)",
					"@executable_path/Frameworks",
					"@loader_path/Frameworks",
				);
				PRODUCT_BUNDLE_IDENTIFIER = JK.VitesseTests;
				PRODUCT_NAME = "$(TARGET_NAME)";
				SWIFT_VERSION = 5.0;
				TARGETED_DEVICE_FAMILY = "1,2";
				TEST_HOST = "$(BUILT_PRODUCTS_DIR)/Vitesse.app/Vitesse";
			};
			name = Debug;
		};
		B55EFC342635BF52002DF429 /* Release */ = {
			isa = XCBuildConfiguration;
			buildSettings = {
				ALWAYS_EMBED_SWIFT_STANDARD_LIBRARIES = YES;
				BUNDLE_LOADER = "$(TEST_HOST)";
				CODE_SIGN_STYLE = Automatic;
				DEVELOPMENT_TEAM = L3A73K7T3G;
				INFOPLIST_FILE = VitesseTests/Info.plist;
				IPHONEOS_DEPLOYMENT_TARGET = 14.4;
				LD_RUNPATH_SEARCH_PATHS = (
					"$(inherited)",
					"@executable_path/Frameworks",
					"@loader_path/Frameworks",
				);
				PRODUCT_BUNDLE_IDENTIFIER = JK.VitesseTests;
				PRODUCT_NAME = "$(TARGET_NAME)";
				SWIFT_VERSION = 5.0;
				TARGETED_DEVICE_FAMILY = "1,2";
				TEST_HOST = "$(BUILT_PRODUCTS_DIR)/Vitesse.app/Vitesse";
			};
			name = Release;
		};
		B55EFC362635BF52002DF429 /* Debug */ = {
			isa = XCBuildConfiguration;
			buildSettings = {
				ALWAYS_EMBED_SWIFT_STANDARD_LIBRARIES = YES;
				CODE_SIGN_STYLE = Automatic;
				DEVELOPMENT_TEAM = L3A73K7T3G;
				INFOPLIST_FILE = VitesseUITests/Info.plist;
				LD_RUNPATH_SEARCH_PATHS = (
					"$(inherited)",
					"@executable_path/Frameworks",
					"@loader_path/Frameworks",
				);
				PRODUCT_BUNDLE_IDENTIFIER = JK.VitesseUITests;
				PRODUCT_NAME = "$(TARGET_NAME)";
				SWIFT_VERSION = 5.0;
				TARGETED_DEVICE_FAMILY = "1,2";
				TEST_TARGET_NAME = Vitesse;
			};
			name = Debug;
		};
		B55EFC372635BF52002DF429 /* Release */ = {
			isa = XCBuildConfiguration;
			buildSettings = {
				ALWAYS_EMBED_SWIFT_STANDARD_LIBRARIES = YES;
				CODE_SIGN_STYLE = Automatic;
				DEVELOPMENT_TEAM = L3A73K7T3G;
				INFOPLIST_FILE = VitesseUITests/Info.plist;
				LD_RUNPATH_SEARCH_PATHS = (
					"$(inherited)",
					"@executable_path/Frameworks",
					"@loader_path/Frameworks",
				);
				PRODUCT_BUNDLE_IDENTIFIER = JK.VitesseUITests;
				PRODUCT_NAME = "$(TARGET_NAME)";
				SWIFT_VERSION = 5.0;
				TARGETED_DEVICE_FAMILY = "1,2";
				TEST_TARGET_NAME = Vitesse;
			};
			name = Release;
		};
/* End XCBuildConfiguration section */

/* Begin XCConfigurationList section */
		B55EFBFD2635BF4D002DF429 /* Build configuration list for PBXProject "Vitesse" */ = {
			isa = XCConfigurationList;
			buildConfigurations = (
				B55EFC2D2635BF52002DF429 /* Debug */,
				B55EFC2E2635BF52002DF429 /* Release */,
			);
			defaultConfigurationIsVisible = 0;
			defaultConfigurationName = Release;
		};
		B55EFC2F2635BF52002DF429 /* Build configuration list for PBXNativeTarget "Vitesse" */ = {
			isa = XCConfigurationList;
			buildConfigurations = (
				B55EFC302635BF52002DF429 /* Debug */,
				B55EFC312635BF52002DF429 /* Release */,
			);
			defaultConfigurationIsVisible = 0;
			defaultConfigurationName = Release;
		};
		B55EFC322635BF52002DF429 /* Build configuration list for PBXNativeTarget "VitesseTests" */ = {
			isa = XCConfigurationList;
			buildConfigurations = (
				B55EFC332635BF52002DF429 /* Debug */,
				B55EFC342635BF52002DF429 /* Release */,
			);
			defaultConfigurationIsVisible = 0;
			defaultConfigurationName = Release;
		};
		B55EFC352635BF52002DF429 /* Build configuration list for PBXNativeTarget "VitesseUITests" */ = {
			isa = XCConfigurationList;
			buildConfigurations = (
				B55EFC362635BF52002DF429 /* Debug */,
				B55EFC372635BF52002DF429 /* Release */,
			);
			defaultConfigurationIsVisible = 0;
			defaultConfigurationName = Release;
		};
/* End XCConfigurationList section */

/* Begin XCVersionGroup section */
		B55EFC0E2635BF4D002DF429 /* Vitesse.xcdatamodeld */ = {
			isa = XCVersionGroup;
			children = (
				B55EFC0F2635BF4D002DF429 /* Vitesse.xcdatamodel */,
			);
			currentVersion = B55EFC0F2635BF4D002DF429 /* Vitesse.xcdatamodel */;
			path = Vitesse.xcdatamodeld;
			sourceTree = "<group>";
			versionGroupType = wrapper.xcdatamodel;
		};
/* End XCVersionGroup section */
	};
	rootObject = B55EFBFA2635BF4D002DF429 /* Project object */;
}
